{
  "name": "security-guardrails",
  "version": "1.0.0",
  "lockfileVersion": 3,
  "requires": true,
  "packages": {
    "": {
      "name": "security-guardrails",
      "version": "1.0.0",
      "license": "Apache-2.0",
      "bin": {
        "security-guardrails": "bin/security-guardrails.js"
      },
      "engines": {
        "node": ">=18"
      }
    }
  }
}
